
Microsoft Visual Studio Solution File, Format Version 12.00
# Visual Studio Version 17
VisualStudioVersion = 17.13.35825.156 d17.13
MinimumVisualStudioVersion = 10.0.40219.1
Project("{FAE04EC0-301F-11D3-BF4B-00C04F79EFBC}") = "ConsoleApp12", "ConsoleApp12.csproj", "{33D47EDF-4597-467E-A9A2-13325258C922}"
EndProject
Global
	GlobalSection(SolutionConfigurationPlatforms) = preSolution
		Debug|Any CPU = Debug|Any CPU
		Release|Any CPU = Release|Any CPU
	EndGlobalSection
	GlobalSection(ProjectConfigurationPlatforms) = postSolution
		{33D47EDF-4597-467E-A9A2-13325258C922}.Debug|Any CPU.ActiveCfg = Debug|Any CPU
		{33D47EDF-4597-467E-A9A2-13325258C922}.Debug|Any CPU.Build.0 = Debug|Any CPU
		{33D47EDF-4597-467E-A9A2-13325258C922}.Release|Any CPU.ActiveCfg = Release|Any CPU
		{33D47EDF-4597-467E-A9A2-13325258C922}.Release|Any CPU.Build.0 = Release|Any CPU
	EndGlobalSection
	GlobalSection(SolutionProperties) = preSolution
		HideSolutionNode = FALSE
	EndGlobalSection
	GlobalSection(ExtensibilityGlobals) = postSolution
		SolutionGuid = {3D17A7C9-E052-4692-9E52-E4AA16739CB3}
	EndGlobalSection
EndGlobal
